
Microsoft Visual Studio Solution File, Format Version 12.00
# Visual Studio Version 16
VisualStudioVersion = 16.0.31025.194
MinimumVisualStudioVersion = 10.0.40219.1
Project("{FAE04EC0-301F-11D3-BF4B-00C04F79EFBC}") = "Zadanie for lab_5", "Zadanie for lab_5.csproj", "{86AA1D07-9008-45DC-8FF0-43C6216D50B1}"
EndProject
Global
	GlobalSection(SolutionConfigurationPlatforms) = preSolution
		Debug|Any CPU = Debug|Any CPU
		Release|Any CPU = Release|Any CPU
	EndGlobalSection
	GlobalSection(ProjectConfigurationPlatforms) = postSolution
		{86AA1D07-9008-45DC-8FF0-43C6216D50B1}.Debug|Any CPU.ActiveCfg = Debug|Any CPU
		{86AA1D07-9008-45DC-8FF0-43C6216D50B1}.Debug|Any CPU.Build.0 = Debug|Any CPU
		{86AA1D07-9008-45DC-8FF0-43C6216D50B1}.Release|Any CPU.ActiveCfg = Release|Any CPU
		{86AA1D07-9008-45DC-8FF0-43C6216D50B1}.Release|Any CPU.Build.0 = Release|Any CPU
	EndGlobalSection
	GlobalSection(SolutionProperties) = preSolution
		HideSolutionNode = FALSE
	EndGlobalSection
	GlobalSection(ExtensibilityGlobals) = postSolution
		SolutionGuid = {F93EAC4C-8613-4468-B2FA-9C51FEB927C4}
	EndGlobalSection
EndGlobal
